// !$*UTF8*$!
{
	archiveVersion = 1;
	classes = {
	};
	objectVersion = 50;
	objects = {

/* Begin PBXBuildFile section */
		F011E1DB2169804F00130BC2 /* AppDelegate.swift in Sources */ = {isa = PBXBuildFile; fileRef = F011E1DA2169804F00130BC2 /* AppDelegate.swift */; };
		F011E1DD2169804F00130BC2 /* ViewController.swift in Sources */ = {isa = PBXBuildFile; fileRef = F011E1DC2169804F00130BC2 /* ViewController.swift */; };
		F011E1E02169804F00130BC2 /* Main.storyboard in Resources */ = {isa = PBXBuildFile; fileRef = F011E1DE2169804F00130BC2 /* Main.storyboard */; };
		F011E1E22169805000130BC2 /* Assets.xcassets in Resources */ = {isa = PBXBuildFile; fileRef = F011E1E12169805000130BC2 /* Assets.xcassets */; };
		F011E1E52169805000130BC2 /* LaunchScreen.storyboard in Resources */ = {isa = PBXBuildFile; fileRef = F011E1E32169805000130BC2 /* LaunchScreen.storyboard */; };
		F011E1F02169805000130BC2 /* ShortcuteTests.swift in Sources */ = {isa = PBXBuildFile; fileRef = F011E1EF2169805000130BC2 /* ShortcuteTests.swift */; };
		F011E1FB2169805000130BC2 /* ShortcuteUITests.swift in Sources */ = {isa = PBXBuildFile; fileRef = F011E1FA2169805000130BC2 /* ShortcuteUITests.swift */; };
/* End PBXBuildFile section */

/* Begin PBXContainerItemProxy section */
		F011E1EC2169805000130BC2 /* PBXContainerItemProxy */ = {
			isa = PBXContainerItemProxy;
			containerPortal = F011E1CF2169804F00130BC2 /* Project object */;
			proxyType = 1;
			remoteGlobalIDString = F011E1D62169804F00130BC2;
			remoteInfo = Shortcute;
		};
		F011E1F72169805000130BC2 /* PBXContainerItemProxy */ = {
			isa = PBXContainerItemProxy;
			containerPortal = F011E1CF2169804F00130BC2 /* Project object */;
			proxyType = 1;
			remoteGlobalIDString = F011E1D62169804F00130BC2;
			remoteInfo = Shortcute;
		};
/* End PBXContainerItemProxy section */

/* Begin PBXFileReference section */
		F011E1D72169804F00130BC2 /* Shortcute.app */ = {isa = PBXFileReference; explicitFileType = wrapper.application; includeInIndex = 0; path = Shortcute.app; sourceTree = BUILT_PRODUCTS_DIR; };
		F011E1DA2169804F00130BC2 /* AppDelegate.swift */ = {isa = PBXFileReference; lastKnownFileType = sourcecode.swift; path = AppDelegate.swift; sourceTree = "<group>"; };
		F011E1DC2169804F00130BC2 /* ViewController.swift */ = {isa = PBXFileReference; lastKnownFileType = sourcecode.swift; path = ViewController.swift; sourceTree = "<group>"; };
		F011E1DF2169804F00130BC2 /* Base */ = {isa = PBXFileReference; lastKnownFileType = file.storyboard; name = Base; path = Base.lproj/Main.storyboard; sourceTree = "<group>"; };
		F011E1E12169805000130BC2 /* Assets.xcassets */ = {isa = PBXFileReference; lastKnownFileType = folder.assetcatalog; path = Assets.xcassets; sourceTree = "<group>"; };
		F011E1E42169805000130BC2 /* Base */ = {isa = PBXFileReference; lastKnownFileType = file.storyboard; name = Base; path = Base.lproj/LaunchScreen.storyboard; sourceTree = "<group>"; };
		F011E1E62169805000130BC2 /* Info.plist */ = {isa = PBXFileReference; lastKnownFileType = text.plist.xml; path = Info.plist; sourceTree = "<group>"; };
		F011E1EB2169805000130BC2 /* ShortcuteTests.xctest */ = {isa = PBXFileReference; explicitFileType = wrapper.cfbundle; includeInIndex = 0; path = ShortcuteTests.xctest; sourceTree = BUILT_PRODUCTS_DIR; };
		F011E1EF2169805000130BC2 /* ShortcuteTests.swift */ = {isa = PBXFileReference; lastKnownFileType = sourcecode.swift; path = ShortcuteTests.swift; sourceTree = "<group>"; };
		F011E1F12169805000130BC2 /* Info.plist */ = {isa = PBXFileReference; lastKnownFileType = text.plist.xml; path = Info.plist; sourceTree = "<group>"; };
		F011E1F62169805000130BC2 /* ShortcuteUITests.xctest */ = {isa = PBXFileReference; explicitFileType = wrapper.cfbundle; includeInIndex = 0; path = ShortcuteUITests.xctest; sourceTree = BUILT_PRODUCTS_DIR; };
		F011E1FA2169805000130BC2 /* ShortcuteUITests.swift */ = {isa = PBXFileReference; lastKnownFileType = sourcecode.swift; path = ShortcuteUITests.swift; sourceTree = "<group>"; };
		F011E1FC2169805000130BC2 /* Info.plist */ = {isa = PBXFileReference; lastKnownFileType = text.plist.xml; path = Info.plist; sourceTree = "<group>"; };
/* End PBXFileReference section */

/* Begin PBXFrameworksBuildPhase section */
		F011E1D42169804F00130BC2 /* Frameworks */ = {
			isa = PBXFrameworksBuildPhase;
			buildActionMask = 2147483647;
			files = (
			);
			runOnlyForDeploymentPostprocessing = 0;
		};
		F011E1E82169805000130BC2 /* Frameworks */ = {
			isa = PBXFrameworksBuildPhase;
			buildActionMask = 2147483647;
			files = (
			);
			runOnlyForDeploymentPostprocessing = 0;
		};
		F011E1F32169805000130BC2 /* Frameworks */ = {
			isa = PBXFrameworksBuildPhase;
			buildActionMask = 2147483647;
			files = (
			);
			runOnlyForDeploymentPostprocessing = 0;
		};
/* End PBXFrameworksBuildPhase section */

/* Begin PBXGroup section */
		F011E1CE2169804F00130BC2 = {
			isa = PBXGroup;
			children = (
				F011E1D92169804F00130BC2 /* Shortcute */,
				F011E1EE2169805000130BC2 /* ShortcuteTests */,
				F011E1F92169805000130BC2 /* ShortcuteUITests */,
				F011E1D82169804F00130BC2 /* Products */,
			);
			sourceTree = "<group>";
		};
		F011E1D82169804F00130BC2 /* Products */ = {
			isa = PBXGroup;
			children = (
				F011E1D72169804F00130BC2 /* Shortcute.app */,
				F011E1EB2169805000130BC2 /* ShortcuteTests.xctest */,
				F011E1F62169805000130BC2 /* ShortcuteUITests.xctest */,
			);
			name = Products;
			sourceTree = "<group>";
		};
		F011E1D92169804F00130BC2 /* Shortcute */ = {
			isa = PBXGroup;
			children = (
				F011E1DA2169804F00130BC2 /* AppDelegate.swift */,
				F011E1DC2169804F00130BC2 /* ViewController.swift */,
				F011E1DE2169804F00130BC2 /* Main.storyboard */,
				F011E1E12169805000130BC2 /* Assets.xcassets */,
				F011E1E32169805000130BC2 /* LaunchScreen.storyboard */,
				F011E1E62169805000130BC2 /* Info.plist */,
			);
			path = Shortcute;
			sourceTree = "<group>";
		};
		F011E1EE2169805000130BC2 /* ShortcuteTests */ = {
			isa = PBXGroup;
			children = (
				F011E1EF2169805000130BC2 /* ShortcuteTests.swift */,
				F011E1F12169805000130BC2 /* Info.plist */,
			);
			path = ShortcuteTests;
			sourceTree = "<group>";
		};
		F011E1F92169805000130BC2 /* ShortcuteUITests */ = {
			isa = PBXGroup;
			children = (
				F011E1FA2169805000130BC2 /* ShortcuteUITests.swift */,
				F011E1FC2169805000130BC2 /* Info.plist */,
			);
			path = ShortcuteUITests;
			sourceTree = "<group>";
		};
/* End PBXGroup section */

/* Begin PBXNativeTarget section */
		F011E1D62169804F00130BC2 /* Shortcute */ = {
			isa = PBXNativeTarget;
			buildConfigurationList = F011E1FF2169805000130BC2 /* Build configuration list for PBXNativeTarget "Shortcute" */;
			buildPhases = (
				F011E1D32169804F00130BC2 /* Sources */,
				F011E1D42169804F00130BC2 /* Frameworks */,
				F011E1D52169804F00130BC2 /* Resources */,
			);
			buildRules = (
			);
			dependencies = (
			);
			name = Shortcute;
			productName = Shortcute;
			productReference = F011E1D72169804F00130BC2 /* Shortcute.app */;
			productType = "com.apple.product-type.application";
		};
		F011E1EA2169805000130BC2 /* ShortcuteTests */ = {
			isa = PBXNativeTarget;
			buildConfigurationList = F011E2022169805000130BC2 /* Build configuration list for PBXNativeTarget "ShortcuteTests" */;
			buildPhases = (
				F011E1E72169805000130BC2 /* Sources */,
				F011E1E82169805000130BC2 /* Frameworks */,
				F011E1E92169805000130BC2 /* Resources */,
			);
			buildRules = (
			);
			dependencies = (
				F011E1ED2169805000130BC2 /* PBXTargetDependency */,
			);
			name = ShortcuteTests;
			productName = ShortcuteTests;
			productReference = F011E1EB2169805000130BC2 /* ShortcuteTests.xctest */;
			productType = "com.apple.product-type.bundle.unit-test";
		};
		F011E1F52169805000130BC2 /* ShortcuteUITests */ = {
			isa = PBXNativeTarget;
			buildConfigurationList = F011E2052169805000130BC2 /* Build configuration list for PBXNativeTarget "ShortcuteUITests" */;
			buildPhases = (
				F011E1F22169805000130BC2 /* Sources */,
				F011E1F32169805000130BC2 /* Frameworks */,
				F011E1F42169805000130BC2 /* Resources */,
			);
			buildRules = (
			);
			dependencies = (
				F011E1F82169805000130BC2 /* PBXTargetDependency */,
			);
			name = ShortcuteUITests;
			productName = ShortcuteUITests;
			productReference = F011E1F62169805000130BC2 /* ShortcuteUITests.xctest */;
			productType = "com.apple.product-type.bundle.ui-testing";
		};
/* End PBXNativeTarget section */

/* Begin PBXProject section */
		F011E1CF2169804F00130BC2 /* Project object */ = {
			isa = PBXProject;
			attributes = {
				LastSwiftUpdateCheck = 1000;
				LastUpgradeCheck = 1000;
				ORGANIZATIONNAME = "snoots & co.";
				TargetAttributes = {
					F011E1D62169804F00130BC2 = {
						CreatedOnToolsVersion = 10.0;
					};
					F011E1EA2169805000130BC2 = {
						CreatedOnToolsVersion = 10.0;
						TestTargetID = F011E1D62169804F00130BC2;
					};
					F011E1F52169805000130BC2 = {
						CreatedOnToolsVersion = 10.0;
						TestTargetID = F011E1D62169804F00130BC2;
					};
				};
			};
			buildConfigurationList = F011E1D22169804F00130BC2 /* Build configuration list for PBXProject "Shortcute" */;
			compatibilityVersion = "Xcode 9.3";
			developmentRegion = en;
			hasScannedForEncodings = 0;
			knownRegions = (
				en,
				Base,
			);
			mainGroup = F011E1CE2169804F00130BC2;
			productRefGroup = F011E1D82169804F00130BC2 /* Products */;
			projectDirPath = "";
			projectRoot = "";
			targets = (
				F011E1D62169804F00130BC2 /* Shortcute */,
				F011E1EA2169805000130BC2 /* ShortcuteTests */,
				F011E1F52169805000130BC2 /* ShortcuteUITests */,
			);
		};
/* End PBXProject section */

/* Begin PBXResourcesBuildPhase section */
		F011E1D52169804F00130BC2 /* Resources */ = {
			isa = PBXResourcesBuildPhase;
			buildActionMask = 2147483647;
			files = (
				F011E1E52169805000130BC2 /* LaunchScreen.storyboard in Resources */,
				F011E1E22169805000130BC2 /* Assets.xcassets in Resources */,
				F011E1E02169804F00130BC2 /* Main.storyboard in Resources */,
			);
			runOnlyForDeploymentPostprocessing = 0;
		};
		F011E1E92169805000130BC2 /* Resources */ = {
			isa = PBXResourcesBuildPhase;
			buildActionMask = 2147483647;
			files = (
			);
			runOnlyForDeploymentPostprocessing = 0;
		};
		F011E1F42169805000130BC2 /* Resources */ = {
			isa = PBXResourcesBuildPhase;
			buildActionMask = 2147483647;
			files = (
			);
			runOnlyForDeploymentPostprocessing = 0;
		};
/* End PBXResourcesBuildPhase section */

/* Begin PBXSourcesBuildPhase section */
		F011E1D32169804F00130BC2 /* Sources */ = {
			isa = PBXSourcesBuildPhase;
			buildActionMask = 2147483647;
			files = (
				F011E1DD2169804F00130BC2 /* ViewController.swift in Sources */,
				F011E1DB2169804F00130BC2 /* AppDelegate.swift in Sources */,
			);
			runOnlyForDeploymentPostprocessing = 0;
		};
		F011E1E72169805000130BC2 /* Sources */ = {
			isa = PBXSourcesBuildPhase;
			buildActionMask = 2147483647;
			files = (
				F011E1F02169805000130BC2 /* ShortcuteTests.swift in Sources */,
			);
			runOnlyForDeploymentPostprocessing = 0;
		};
		F011E1F22169805000130BC2 /* Sources */ = {
			isa = PBXSourcesBuildPhase;
			buildActionMask = 2147483647;
			files = (
				F011E1FB2169805000130BC2 /* ShortcuteUITests.swift in Sources */,
			);
			runOnlyForDeploymentPostprocessing = 0;
		};
/* End PBXSourcesBuildPhase section */

/* Begin PBXTargetDependency section */
		F011E1ED2169805000130BC2 /* PBXTargetDependency */ = {
			isa = PBXTargetDependency;
			target = F011E1D62169804F00130BC2 /* Shortcute */;
			targetProxy = F011E1EC2169805000130BC2 /* PBXContainerItemProxy */;
		};
		F011E1F82169805000130BC2 /* PBXTargetDependency */ = {
			isa = PBXTargetDependency;
			target = F011E1D62169804F00130BC2 /* Shortcute */;
			targetProxy = F011E1F72169805000130BC2 /* PBXContainerItemProxy */;
		};
/* End PBXTargetDependency section */

/* Begin PBXVariantGroup section */
		F011E1DE2169804F00130BC2 /* Main.storyboard */ = {
			isa = PBXVariantGroup;
			children = (
				F011E1DF2169804F00130BC2 /* Base */,
			);
			name = Main.storyboard;
			sourceTree = "<group>";
		};
		F011E1E32169805000130BC2 /* LaunchScreen.storyboard */ = {
			isa = PBXVariantGroup;
			children = (
				F011E1E42169805000130BC2 /* Base */,
			);
			name = LaunchScreen.storyboard;
			sourceTree = "<group>";
		};
/* End PBXVariantGroup section */

/* Begin XCBuildConfiguration section */
		F011E1FD2169805000130BC2 /* Debug */ = {
			isa = XCBuildConfiguration;
			buildSettings = {
				ALWAYS_SEARCH_USER_PATHS = NO;
				CLANG_ANALYZER_NONNULL = YES;
				CLANG_ANALYZER_NUMBER_OBJECT_CONVERSION = YES_AGGRESSIVE;
				CLANG_CXX_LANGUAGE_STANDARD = "gnu++14";
				CLANG_CXX_LIBRARY = "libc++";
				CLANG_ENABLE_MODULES = YES;
				CLANG_ENABLE_OBJC_ARC = YES;
				CLANG_ENABLE_OBJC_WEAK = YES;
				CLANG_WARN_BLOCK_CAPTURE_AUTORELEASING = YES;
				CLANG_WARN_BOOL_CONVERSION = YES;
				CLANG_WARN_COMMA = YES;
				CLANG_WARN_CONSTANT_CONVERSION = YES;
				CLANG_WARN_DEPRECATED_OBJC_IMPLEMENTATIONS = YES;
				CLANG_WARN_DIRECT_OBJC_ISA_USAGE = YES_ERROR;
				CLANG_WARN_DOCUMENTATION_COMMENTS = YES;
				CLANG_WARN_EMPTY_BODY = YES;
				CLANG_WARN_ENUM_CONVERSION = YES;
				CLANG_WARN_INFINITE_RECURSION = YES;
				CLANG_WARN_INT_CONVERSION = YES;
				CLANG_WARN_NON_LITERAL_NULL_CONVERSION = YES;
				CLANG_WARN_OBJC_IMPLICIT_RETAIN_SELF = YES;
				CLANG_WARN_OBJC_LITERAL_CONVERSION = YES;
				CLANG_WARN_OBJC_ROOT_CLASS = YES_ERROR;
				CLANG_WARN_RANGE_LOOP_ANALYSIS = YES;
				CLANG_WARN_STRICT_PROTOTYPES = YES;
				CLANG_WARN_SUSPICIOUS_MOVE = YES;
				CLANG_WARN_UNGUARDED_AVAILABILITY = YES_AGGRESSIVE;
				CLANG_WARN_UNREACHABLE_CODE = YES;
				CLANG_WARN__DUPLICATE_METHOD_MATCH = YES;
				CODE_SIGN_IDENTITY = "iPhone Developer";
				COPY_PHASE_STRIP = NO;
				DEBUG_INFORMATION_FORMAT = dwarf;
				ENABLE_STRICT_OBJC_MSGSEND = YES;
				ENABLE_TESTABILITY = YES;
				GCC_C_LANGUAGE_STANDARD = gnu11;
				GCC_DYNAMIC_NO_PIC = NO;
				GCC_NO_COMMON_BLOCKS = YES;
				GCC_OPTIMIZATION_LEVEL = 0;
				GCC_PREPROCESSOR_DEFINITIONS = (
					"DEBUG=1",
					"$(inherited)",
				);
				GCC_WARN_64_TO_32_BIT_CONVERSION = YES;
				GCC_WARN_ABOUT_RETURN_TYPE = YES_ERROR;
				GCC_WARN_UNDECLARED_SELECTOR = YES;
				GCC_WARN_UNINITIALIZED_AUTOS = YES_AGGRESSIVE;
				GCC_WARN_UNUSED_FUNCTION = YES;
				GCC_WARN_UNUSED_VARIABLE = YES;
				IPHONEOS_DEPLOYMENT_TARGET = 12.0;
				MTL_ENABLE_DEBUG_INFO = INCLUDE_SOURCE;
				MTL_FAST_MATH = YES;
				ONLY_ACTIVE_ARCH = YES;
				SDKROOT = iphoneos;
				SWIFT_ACTIVE_COMPILATION_CONDITIONS = DEBUG;
				SWIFT_OPTIMIZATION_LEVEL = "-Onone";
			};
			name = Debug;
		};
		F011E1FE2169805000130BC2 /* Release */ = {
			isa = XCBuildConfiguration;
			buildSettings = {
				ALWAYS_SEARCH_USER_PATHS = NO;
				CLANG_ANALYZER_NONNULL = YES;
				CLANG_ANALYZER_NUMBER_OBJECT_CONVERSION = YES_AGGRESSIVE;
				CLANG_CXX_LANGUAGE_STANDARD = "gnu++14";
				CLANG_CXX_LIBRARY = "libc++";
				CLANG_ENABLE_MODULES = YES;
				CLANG_ENABLE_OBJC_ARC = YES;
				CLANG_ENABLE_OBJC_WEAK = YES;
				CLANG_WARN_BLOCK_CAPTURE_AUTORELEASING = YES;
				CLANG_WARN_BOOL_CONVERSION = YES;
				CLANG_WARN_COMMA = YES;
				CLANG_WARN_CONSTANT_CONVERSION = YES;
				CLANG_WARN_DEPRECATED_OBJC_IMPLEMENTATIONS = YES;
				CLANG_WARN_DIRECT_OBJC_ISA_USAGE = YES_ERROR;
				CLANG_WARN_DOCUMENTATION_COMMENTS = YES;
				CLANG_WARN_EMPTY_BODY = YES;
				CLANG_WARN_ENUM_CONVERSION = YES;
				CLANG_WARN_INFINITE_RECURSION = YES;
				CLANG_WARN_INT_CONVERSION = YES;
				CLANG_WARN_NON_LITERAL_NULL_CONVERSION = YES;
				CLANG_WARN_OBJC_IMPLICIT_RETAIN_SELF = YES;
				CLANG_WARN_OBJC_LITERAL_CONVERSION = YES;
				CLANG_WARN_OBJC_ROOT_CLASS = YES_ERROR;
				CLANG_WARN_RANGE_LOOP_ANALYSIS = YES;
				CLANG_WARN_STRICT_PROTOTYPES = YES;
				CLANG_WARN_SUSPICIOUS_MOVE = YES;
				CLANG_WARN_UNGUARDED_AVAILABILITY = YES_AGGRESSIVE;
				CLANG_WARN_UNREACHABLE_CODE = YES;
				CLANG_WARN__DUPLICATE_METHOD_MATCH = YES;
				CODE_SIGN_IDENTITY = "iPhone Developer";
				COPY_PHASE_STRIP = NO;
				DEBUG_INFORMATION_FORMAT = "dwarf-with-dsym";
				ENABLE_NS_ASSERTIONS = NO;
				ENABLE_STRICT_OBJC_MSGSEND = YES;
				GCC_C_LANGUAGE_STANDARD = gnu11;
				GCC_NO_COMMON_BLOCKS = YES;
				GCC_WARN_64_TO_32_BIT_CONVERSION = YES;
				GCC_WARN_ABOUT_RETURN_TYPE = YES_ERROR;
				GCC_WARN_UNDECLARED_SELECTOR = YES;
				GCC_WARN_UNINITIALIZED_AUTOS = YES_AGGRESSIVE;
				GCC_WARN_UNUSED_FUNCTION = YES;
				GCC_WARN_UNUSED_VARIABLE = YES;
				IPHONEOS_DEPLOYMENT_TARGET = 12.0;
				MTL_ENABLE_DEBUG_INFO = NO;
				MTL_FAST_MATH = YES;
				SDKROOT = iphoneos;
				SWIFT_COMPILATION_MODE = wholemodule;
				SWIFT_OPTIMIZATION_LEVEL = "-O";
				VALIDATE_PRODUCT = YES;
			};
			name = Release;
		};
		F011E2002169805000130BC2 /* Debug */ = {
			isa = XCBuildConfiguration;
			buildSettings = {
				ASSETCATALOG_COMPILER_APPICON_NAME = AppIcon;
				CODE_SIGN_STYLE = Automatic;
				DEVELOPMENT_TEAM = R2MP6EU7T3;
				INFOPLIST_FILE = Shortcute/Info.plist;
				LD_RUNPATH_SEARCH_PATHS = (
					"$(inherited)",
					"@executable_path/Frameworks",
				);
				PRODUCT_BUNDLE_IDENTIFIER = club.snoot.Shortcute;
				PRODUCT_NAME = "$(TARGET_NAME)";
				SWIFT_VERSION = 4.2;
				TARGETED_DEVICE_FAMILY = "1,2";
			};
			name = Debug;
		};
		F011E2012169805000130BC2 /* Release */ = {
			isa = XCBuildConfiguration;
			buildSettings = {
				ASSETCATALOG_COMPILER_APPICON_NAME = AppIcon;
				CODE_SIGN_STYLE = Automatic;
				DEVELOPMENT_TEAM = R2MP6EU7T3;
				INFOPLIST_FILE = Shortcute/Info.plist;
				LD_RUNPATH_SEARCH_PATHS = (
					"$(inherited)",
					"@executable_path/Frameworks",
				);
				PRODUCT_BUNDLE_IDENTIFIER = club.snoot.Shortcute;
				PRODUCT_NAME = "$(TARGET_NAME)";
				SWIFT_VERSION = 4.2;
				TARGETED_DEVICE_FAMILY = "1,2";
			};
			name = Release;
		};
		F011E2032169805000130BC2 /* Debug */ = {
			isa = XCBuildConfiguration;
			buildSettings = {
				ALWAYS_EMBED_SWIFT_STANDARD_LIBRARIES = YES;
				BUNDLE_LOADER = "$(TEST_HOST)";
				CODE_SIGN_STYLE = Automatic;
				DEVELOPMENT_TEAM = R2MP6EU7T3;
				INFOPLIST_FILE = ShortcuteTests/Info.plist;
				LD_RUNPATH_SEARCH_PATHS = (
					"$(inherited)",
					"@executable_path/Frameworks",
					"@loader_path/Frameworks",
				);
				PRODUCT_BUNDLE_IDENTIFIER = club.snoot.ShortcuteTests;
				PRODUCT_NAME = "$(TARGET_NAME)";
				SWIFT_VERSION = 4.2;
				TARGETED_DEVICE_FAMILY = "1,2";
				TEST_HOST = "$(BUILT_PRODUCTS_DIR)/Shortcute.app/Shortcute";
			};
			name = Debug;
		};
		F011E2042169805000130BC2 /* Release */ = {
			isa = XCBuildConfiguration;
			buildSettings = {
				ALWAYS_EMBED_SWIFT_STANDARD_LIBRARIES = YES;
				BUNDLE_LOADER = "$(TEST_HOST)";
				CODE_SIGN_STYLE = Automatic;
				DEVELOPMENT_TEAM = R2MP6EU7T3;
				INFOPLIST_FILE = ShortcuteTests/Info.plist;
				LD_RUNPATH_SEARCH_PATHS = (
					"$(inherited)",
					"@executable_path/Frameworks",
					"@loader_path/Frameworks",
				);
				PRODUCT_BUNDLE_IDENTIFIER = club.snoot.ShortcuteTests;
				PRODUCT_NAME = "$(TARGET_NAME)";
				SWIFT_VERSION = 4.2;
				TARGETED_DEVICE_FAMILY = "1,2";
				TEST_HOST = "$(BUILT_PRODUCTS_DIR)/Shortcute.app/Shortcute";
			};
			name = Release;
		};
		F011E2062169805000130BC2 /* Debug */ = {
			isa = XCBuildConfiguration;
			buildSettings = {
				ALWAYS_EMBED_SWIFT_STANDARD_LIBRARIES = YES;
				CODE_SIGN_STYLE = Automatic;
				DEVELOPMENT_TEAM = R2MP6EU7T3;
				INFOPLIST_FILE = ShortcuteUITests/Info.plist;
				LD_RUNPATH_SEARCH_PATHS = (
					"$(inherited)",
					"@executable_path/Frameworks",
					"@loader_path/Frameworks",
				);
				PRODUCT_BUNDLE_IDENTIFIER = club.snoot.ShortcuteUITests;
				PRODUCT_NAME = "$(TARGET_NAME)";
				SWIFT_VERSION = 4.2;
				TARGETED_DEVICE_FAMILY = "1,2";
				TEST_TARGET_NAME = Shortcute;
			};
			name = Debug;
		};
		F011E2072169805000130BC2 /* Release */ = {
			isa = XCBuildConfiguration;
			buildSettings = {
				ALWAYS_EMBED_SWIFT_STANDARD_LIBRARIES = YES;
				CODE_SIGN_STYLE = Automatic;
				DEVELOPMENT_TEAM = R2MP6EU7T3;
				INFOPLIST_FILE = ShortcuteUITests/Info.plist;
				LD_RUNPATH_SEARCH_PATHS = (
					"$(inherited)",
					"@executable_path/Frameworks",
					"@loader_path/Frameworks",
				);
				PRODUCT_BUNDLE_IDENTIFIER = club.snoot.ShortcuteUITests;
				PRODUCT_NAME = "$(TARGET_NAME)";
				SWIFT_VERSION = 4.2;
				TARGETED_DEVICE_FAMILY = "1,2";
				TEST_TARGET_NAME = Shortcute;
			};
			name = Release;
		};
/* End XCBuildConfiguration section */

/* Begin XCConfigurationList section */
		F011E1D22169804F00130BC2 /* Build configuration list for PBXProject "Shortcute" */ = {
			isa = XCConfigurationList;
			buildConfigurations = (
				F011E1FD2169805000130BC2 /* Debug */,
				F011E1FE2169805000130BC2 /* Release */,
			);
			defaultConfigurationIsVisible = 0;
			defaultConfigurationName = Release;
		};
		F011E1FF2169805000130BC2 /* Build configuration list for PBXNativeTarget "Shortcute" */ = {
			isa = XCConfigurationList;
			buildConfigurations = (
				F011E2002169805000130BC2 /* Debug */,
				F011E2012169805000130BC2 /* Release */,
			);
			defaultConfigurationIsVisible = 0;
			defaultConfigurationName = Release;
		};
		F011E2022169805000130BC2 /* Build configuration list for PBXNativeTarget "ShortcuteTests" */ = {
			isa = XCConfigurationList;
			buildConfigurations = (
				F011E2032169805000130BC2 /* Debug */,
				F011E2042169805000130BC2 /* Release */,
			);
			defaultConfigurationIsVisible = 0;
			defaultConfigurationName = Release;
		};
		F011E2052169805000130BC2 /* Build configuration list for PBXNativeTarget "ShortcuteUITests" */ = {
			isa = XCConfigurationList;
			buildConfigurations = (
				F011E2062169805000130BC2 /* Debug */,
				F011E2072169805000130BC2 /* Release */,
			);
			defaultConfigurationIsVisible = 0;
			defaultConfigurationName = Release;
		};
/* End XCConfigurationList section */
	};
	rootObject = F011E1CF2169804F00130BC2 /* Project object */;
}
